
Microsoft Visual Studio Solution File, Format Version 12.00
# Visual Studio Version 17
VisualStudioVersion = 17.5.33414.496
MinimumVisualStudioVersion = 10.0.40219.1
Project("{FAE04EC0-301F-11D3-BF4B-00C04F79EFBC}") = "aula132_ExercicioProposto", "aula132_ExercicioProposto\aula132_ExercicioProposto.csproj", "{86BF090F-AE58-4729-B7C8-C204717977F6}"
EndProject
Global
	GlobalSection(SolutionConfigurationPlatforms) = preSolution
		Debug|Any CPU = Debug|Any CPU
		Release|Any CPU = Release|Any CPU
	EndGlobalSection
	GlobalSection(ProjectConfigurationPlatforms) = postSolution
		{86BF090F-AE58-4729-B7C8-C204717977F6}.Debug|Any CPU.ActiveCfg = Debug|Any CPU
		{86BF090F-AE58-4729-B7C8-C204717977F6}.Debug|Any CPU.Build.0 = Debug|Any CPU
		{86BF090F-AE58-4729-B7C8-C204717977F6}.Release|Any CPU.ActiveCfg = Release|Any CPU
		{86BF090F-AE58-4729-B7C8-C204717977F6}.Release|Any CPU.Build.0 = Release|Any CPU
	EndGlobalSection
	GlobalSection(SolutionProperties) = preSolution
		HideSolutionNode = FALSE
	EndGlobalSection
	GlobalSection(ExtensibilityGlobals) = postSolution
		SolutionGuid = {3211CDD6-E768-4CBF-A64F-BB0B37538ABB}
	EndGlobalSection
EndGlobal
